
Microsoft Visual Studio Solution File, Format Version 12.00
# Visual Studio Version 16
VisualStudioVersion = 16.0.30523.141
MinimumVisualStudioVersion = 10.0.40219.1
Project("{FAE04EC0-301F-11D3-BF4B-00C04F79EFBC}") = "React API", "React API\React API.csproj", "{C237740F-7E77-4A3C-ABB0-B81E334C7D12}"
EndProject
Global
	GlobalSection(SolutionConfigurationPlatforms) = preSolution
		Debug|Any CPU = Debug|Any CPU
		Release|Any CPU = Release|Any CPU
	EndGlobalSection
	GlobalSection(ProjectConfigurationPlatforms) = postSolution
		{C237740F-7E77-4A3C-ABB0-B81E334C7D12}.Debug|Any CPU.ActiveCfg = Debug|Any CPU
		{C237740F-7E77-4A3C-ABB0-B81E334C7D12}.Debug|Any CPU.Build.0 = Debug|Any CPU
		{C237740F-7E77-4A3C-ABB0-B81E334C7D12}.Release|Any CPU.ActiveCfg = Release|Any CPU
		{C237740F-7E77-4A3C-ABB0-B81E334C7D12}.Release|Any CPU.Build.0 = Release|Any CPU
	EndGlobalSection
	GlobalSection(SolutionProperties) = preSolution
		HideSolutionNode = FALSE
	EndGlobalSection
	GlobalSection(ExtensibilityGlobals) = postSolution
		SolutionGuid = {737F9EF2-6904-46C5-ABE4-730889982F90}
	EndGlobalSection
EndGlobal
